
Microsoft Visual Studio Solution File, Format Version 12.00
# Visual Studio Version 17
VisualStudioVersion = 17.4.33213.308
MinimumVisualStudioVersion = 10.0.40219.1
Project("{9A19103F-16F7-4668-BE54-9A1E7A4F7556}") = "CreditProcessor.Api", "CreditProcessorApi\CreditProcessor.Api.csproj", "{194F34E2-7D3C-4D64-91C5-027F74F1E183}"
EndProject
Project("{9A19103F-16F7-4668-BE54-9A1E7A4F7556}") = "CreditProcessor.Domain", "CreditProcessorDomain\CreditProcessor.Domain.csproj", "{9C100358-5B01-4DD0-B466-554AE37E0833}"
EndProject
Project("{9A19103F-16F7-4668-BE54-9A1E7A4F7556}") = "CreditProcessor.Infrastructure", "CreditProcessorInfrastructure\CreditProcessor.Infrastructure.csproj", "{96E8EFC8-8914-41F1-8DBE-DFF2B8C1A4A2}"
EndProject
Project("{9A19103F-16F7-4668-BE54-9A1E7A4F7556}") = "CreditProcessor.UnitTests", "CreditProcessorTests\CreditProcessor.UnitTests.csproj", "{16BA45E3-D5EF-4C00-AD75-12F9AEF2C962}"
EndProject
Project("{FAE04EC0-301F-11D3-BF4B-00C04F79EFBC}") = "CreditProcessor.IoC", "CreditProcessor.IoC\CreditProcessor.IoC.csproj", "{32567B7C-96A5-49A7-9C9A-5CA588C296D8}"
EndProject
Global
	GlobalSection(SolutionConfigurationPlatforms) = preSolution
		Debug|Any CPU = Debug|Any CPU
		Release|Any CPU = Release|Any CPU
	EndGlobalSection
	GlobalSection(ProjectConfigurationPlatforms) = postSolution
		{194F34E2-7D3C-4D64-91C5-027F74F1E183}.Debug|Any CPU.ActiveCfg = Debug|Any CPU
		{194F34E2-7D3C-4D64-91C5-027F74F1E183}.Debug|Any CPU.Build.0 = Debug|Any CPU
		{194F34E2-7D3C-4D64-91C5-027F74F1E183}.Release|Any CPU.ActiveCfg = Release|Any CPU
		{194F34E2-7D3C-4D64-91C5-027F74F1E183}.Release|Any CPU.Build.0 = Release|Any CPU
		{9C100358-5B01-4DD0-B466-554AE37E0833}.Debug|Any CPU.ActiveCfg = Debug|Any CPU
		{9C100358-5B01-4DD0-B466-554AE37E0833}.Debug|Any CPU.Build.0 = Debug|Any CPU
		{9C100358-5B01-4DD0-B466-554AE37E0833}.Release|Any CPU.ActiveCfg = Release|Any CPU
		{9C100358-5B01-4DD0-B466-554AE37E0833}.Release|Any CPU.Build.0 = Release|Any CPU
		{96E8EFC8-8914-41F1-8DBE-DFF2B8C1A4A2}.Debug|Any CPU.ActiveCfg = Debug|Any CPU
		{96E8EFC8-8914-41F1-8DBE-DFF2B8C1A4A2}.Debug|Any CPU.Build.0 = Debug|Any CPU
		{96E8EFC8-8914-41F1-8DBE-DFF2B8C1A4A2}.Release|Any CPU.ActiveCfg = Release|Any CPU
		{96E8EFC8-8914-41F1-8DBE-DFF2B8C1A4A2}.Release|Any CPU.Build.0 = Release|Any CPU
		{16BA45E3-D5EF-4C00-AD75-12F9AEF2C962}.Debug|Any CPU.ActiveCfg = Debug|Any CPU
		{16BA45E3-D5EF-4C00-AD75-12F9AEF2C962}.Debug|Any CPU.Build.0 = Debug|Any CPU
		{16BA45E3-D5EF-4C00-AD75-12F9AEF2C962}.Release|Any CPU.ActiveCfg = Release|Any CPU
		{16BA45E3-D5EF-4C00-AD75-12F9AEF2C962}.Release|Any CPU.Build.0 = Release|Any CPU
		{32567B7C-96A5-49A7-9C9A-5CA588C296D8}.Debug|Any CPU.ActiveCfg = Debug|Any CPU
		{32567B7C-96A5-49A7-9C9A-5CA588C296D8}.Debug|Any CPU.Build.0 = Debug|Any CPU
		{32567B7C-96A5-49A7-9C9A-5CA588C296D8}.Release|Any CPU.ActiveCfg = Release|Any CPU
		{32567B7C-96A5-49A7-9C9A-5CA588C296D8}.Release|Any CPU.Build.0 = Release|Any CPU
	EndGlobalSection
	GlobalSection(SolutionProperties) = preSolution
		HideSolutionNode = FALSE
	EndGlobalSection
	GlobalSection(ExtensibilityGlobals) = postSolution
		SolutionGuid = {84E15439-3FBC-486C-BCF6-BA2BEF56632A}
	EndGlobalSection
EndGlobal
